
Microsoft Visual Studio Solution File, Format Version 12.00
# Visual Studio Version 17
VisualStudioVersion = 17.14.36616.10 d17.14
MinimumVisualStudioVersion = 10.0.40219.1
Project("{FAE04EC0-301F-11D3-BF4B-00C04F79EFBC}") = "Animal-Care", "Animal-Care\Animal-Care.csproj", "{66DD4BE4-5478-40F8-9569-FF618E4CE129}"
EndProject
Global
	GlobalSection(SolutionConfigurationPlatforms) = preSolution
		Debug|Any CPU = Debug|Any CPU
		Release|Any CPU = Release|Any CPU
	EndGlobalSection
	GlobalSection(ProjectConfigurationPlatforms) = postSolution
		{66DD4BE4-5478-40F8-9569-FF618E4CE129}.Debug|Any CPU.ActiveCfg = Debug|Any CPU
		{66DD4BE4-5478-40F8-9569-FF618E4CE129}.Debug|Any CPU.Build.0 = Debug|Any CPU
		{66DD4BE4-5478-40F8-9569-FF618E4CE129}.Release|Any CPU.ActiveCfg = Release|Any CPU
		{66DD4BE4-5478-40F8-9569-FF618E4CE129}.Release|Any CPU.Build.0 = Release|Any CPU
	EndGlobalSection
	GlobalSection(SolutionProperties) = preSolution
		HideSolutionNode = FALSE
	EndGlobalSection
	GlobalSection(ExtensibilityGlobals) = postSolution
		SolutionGuid = {C8B34862-3355-4B5E-B0A2-4253CD218EDE}
	EndGlobalSection
EndGlobal
